
Microsoft Visual Studio Solution File, Format Version 12.00
# Visual Studio Version 17
VisualStudioVersion = 17.11.35327.3
MinimumVisualStudioVersion = 10.0.40219.1
Project("{FAE04EC0-301F-11D3-BF4B-00C04F79EFBC}") = "MyConsole", "MyConsole\MyConsole.csproj", "{F15A0089-CACA-4EB6-8A42-6DB55D915482}"
EndProject
Global
	GlobalSection(SolutionConfigurationPlatforms) = preSolution
		Debug|Any CPU = Debug|Any CPU
		Release|Any CPU = Release|Any CPU
	EndGlobalSection
	GlobalSection(ProjectConfigurationPlatforms) = postSolution
		{F15A0089-CACA-4EB6-8A42-6DB55D915482}.Debug|Any CPU.ActiveCfg = Debug|Any CPU
		{F15A0089-CACA-4EB6-8A42-6DB55D915482}.Debug|Any CPU.Build.0 = Debug|Any CPU
		{F15A0089-CACA-4EB6-8A42-6DB55D915482}.Release|Any CPU.ActiveCfg = Release|Any CPU
		{F15A0089-CACA-4EB6-8A42-6DB55D915482}.Release|Any CPU.Build.0 = Release|Any CPU
	EndGlobalSection
	GlobalSection(SolutionProperties) = preSolution
		HideSolutionNode = FALSE
	EndGlobalSection
	GlobalSection(ExtensibilityGlobals) = postSolution
		SolutionGuid = {C6A8A7A4-0098-4BED-BCDD-751E09B972B1}
	EndGlobalSection
EndGlobal
